
Microsoft Visual Studio Solution File, Format Version 12.00
# Visual Studio Version 17
VisualStudioVersion = 17.7.34031.279
MinimumVisualStudioVersion = 10.0.40219.1
Project("{FAE04EC0-301F-11D3-BF4B-00C04F79EFBC}") = "231030_HelloCShap03_Ex", "231030_HelloCShap03_Ex\231030_HelloCShap03_Ex.csproj", "{B024AA50-BDBA-403F-BAC9-DE171F2E68E5}"
EndProject
Project("{FAE04EC0-301F-11D3-BF4B-00C04F79EFBC}") = "231030_HelloCShap03_Class", "231030_HelloCShap03_Class\231030_HelloCShap03_Class.csproj", "{59AB6D16-BCAB-40A6-AB63-0B4BA1CA1FDC}"
EndProject
Project("{FAE04EC0-301F-11D3-BF4B-00C04F79EFBC}") = "231030_HelloCShap03_Ex2", "231030_HelloCShap03_Ex2\231030_HelloCShap03_Ex2.csproj", "{1429CF37-A9C2-47BA-9735-CADF054A033E}"
EndProject
Project("{FAE04EC0-301F-11D3-BF4B-00C04F79EFBC}") = "231030_HelloCShap03_Ex3", "231030_HelloCShap03_Ex3\231030_HelloCShap03_Ex3.csproj", "{7802CD2A-22B0-43E1-81D4-1339FFABE9D0}"
EndProject
Global
	GlobalSection(SolutionConfigurationPlatforms) = preSolution
		Debug|Any CPU = Debug|Any CPU
		Release|Any CPU = Release|Any CPU
	EndGlobalSection
	GlobalSection(ProjectConfigurationPlatforms) = postSolution
		{B024AA50-BDBA-403F-BAC9-DE171F2E68E5}.Debug|Any CPU.ActiveCfg = Debug|Any CPU
		{B024AA50-BDBA-403F-BAC9-DE171F2E68E5}.Debug|Any CPU.Build.0 = Debug|Any CPU
		{B024AA50-BDBA-403F-BAC9-DE171F2E68E5}.Release|Any CPU.ActiveCfg = Release|Any CPU
		{B024AA50-BDBA-403F-BAC9-DE171F2E68E5}.Release|Any CPU.Build.0 = Release|Any CPU
		{59AB6D16-BCAB-40A6-AB63-0B4BA1CA1FDC}.Debug|Any CPU.ActiveCfg = Debug|Any CPU
		{59AB6D16-BCAB-40A6-AB63-0B4BA1CA1FDC}.Debug|Any CPU.Build.0 = Debug|Any CPU
		{59AB6D16-BCAB-40A6-AB63-0B4BA1CA1FDC}.Release|Any CPU.ActiveCfg = Release|Any CPU
		{59AB6D16-BCAB-40A6-AB63-0B4BA1CA1FDC}.Release|Any CPU.Build.0 = Release|Any CPU
		{1429CF37-A9C2-47BA-9735-CADF054A033E}.Debug|Any CPU.ActiveCfg = Debug|Any CPU
		{1429CF37-A9C2-47BA-9735-CADF054A033E}.Debug|Any CPU.Build.0 = Debug|Any CPU
		{1429CF37-A9C2-47BA-9735-CADF054A033E}.Release|Any CPU.ActiveCfg = Release|Any CPU
		{1429CF37-A9C2-47BA-9735-CADF054A033E}.Release|Any CPU.Build.0 = Release|Any CPU
		{7802CD2A-22B0-43E1-81D4-1339FFABE9D0}.Debug|Any CPU.ActiveCfg = Debug|Any CPU
		{7802CD2A-22B0-43E1-81D4-1339FFABE9D0}.Debug|Any CPU.Build.0 = Debug|Any CPU
		{7802CD2A-22B0-43E1-81D4-1339FFABE9D0}.Release|Any CPU.ActiveCfg = Release|Any CPU
		{7802CD2A-22B0-43E1-81D4-1339FFABE9D0}.Release|Any CPU.Build.0 = Release|Any CPU
	EndGlobalSection
	GlobalSection(SolutionProperties) = preSolution
		HideSolutionNode = FALSE
	EndGlobalSection
	GlobalSection(ExtensibilityGlobals) = postSolution
		SolutionGuid = {BA3011C4-348E-4242-9193-55F96424B6C8}
	EndGlobalSection
EndGlobal
