
Microsoft Visual Studio Solution File, Format Version 12.00
# Visual Studio Version 17
VisualStudioVersion = 17.6.33829.357
MinimumVisualStudioVersion = 10.0.40219.1
Project("{8BC9CEB8-8B4A-11D0-8D11-00A0C91BC942}") = "Parking_YeWon", "Parking_YeWon\Parking_YeWon.vcxproj", "{BD95C154-37DB-4B80-A7FB-BDF5C3D0D898}"
EndProject
Global
	GlobalSection(SolutionConfigurationPlatforms) = preSolution
		Debug|x64 = Debug|x64
		Debug|x86 = Debug|x86
		Release|x64 = Release|x64
		Release|x86 = Release|x86
	EndGlobalSection
	GlobalSection(ProjectConfigurationPlatforms) = postSolution
		{BD95C154-37DB-4B80-A7FB-BDF5C3D0D898}.Debug|x64.ActiveCfg = Debug|x64
		{BD95C154-37DB-4B80-A7FB-BDF5C3D0D898}.Debug|x64.Build.0 = Debug|x64
		{BD95C154-37DB-4B80-A7FB-BDF5C3D0D898}.Debug|x86.ActiveCfg = Debug|Win32
		{BD95C154-37DB-4B80-A7FB-BDF5C3D0D898}.Debug|x86.Build.0 = Debug|Win32
		{BD95C154-37DB-4B80-A7FB-BDF5C3D0D898}.Release|x64.ActiveCfg = Release|x64
		{BD95C154-37DB-4B80-A7FB-BDF5C3D0D898}.Release|x64.Build.0 = Release|x64
		{BD95C154-37DB-4B80-A7FB-BDF5C3D0D898}.Release|x86.ActiveCfg = Release|Win32
		{BD95C154-37DB-4B80-A7FB-BDF5C3D0D898}.Release|x86.Build.0 = Release|Win32
	EndGlobalSection
	GlobalSection(SolutionProperties) = preSolution
		HideSolutionNode = FALSE
	EndGlobalSection
	GlobalSection(ExtensibilityGlobals) = postSolution
		SolutionGuid = {568390B5-B4A8-4641-9027-1FE73E108F96}
	EndGlobalSection
EndGlobal
