
Microsoft Visual Studio Solution File, Format Version 12.00
# Visual Studio Version 17
VisualStudioVersion = 17.7.34031.279
MinimumVisualStudioVersion = 10.0.40219.1
Project("{FAE04EC0-301F-11D3-BF4B-00C04F79EFBC}") = "FastFoodDemo", "FastFoodDemo\FastFoodDemo.csproj", "{DC94DBB7-C4EC-4177-AE99-3B5093DDFD6F}"
EndProject
Global
	GlobalSection(SolutionConfigurationPlatforms) = preSolution
		Debug|Any CPU = Debug|Any CPU
		Release|Any CPU = Release|Any CPU
	EndGlobalSection
	GlobalSection(ProjectConfigurationPlatforms) = postSolution
		{DC94DBB7-C4EC-4177-AE99-3B5093DDFD6F}.Debug|Any CPU.ActiveCfg = Debug|Any CPU
		{DC94DBB7-C4EC-4177-AE99-3B5093DDFD6F}.Debug|Any CPU.Build.0 = Debug|Any CPU
		{DC94DBB7-C4EC-4177-AE99-3B5093DDFD6F}.Release|Any CPU.ActiveCfg = Release|Any CPU
		{DC94DBB7-C4EC-4177-AE99-3B5093DDFD6F}.Release|Any CPU.Build.0 = Release|Any CPU
	EndGlobalSection
	GlobalSection(SolutionProperties) = preSolution
		HideSolutionNode = FALSE
	EndGlobalSection
	GlobalSection(ExtensibilityGlobals) = postSolution
		SolutionGuid = {4D1E8574-7FEC-4246-8AC2-D39D35D1580D}
	EndGlobalSection
EndGlobal
