
Microsoft Visual Studio Solution File, Format Version 12.00
# Visual Studio Version 17
VisualStudioVersion = 17.7.34031.279
MinimumVisualStudioVersion = 10.0.40219.1
Project("{FAE04EC0-301F-11D3-BF4B-00C04F79EFBC}") = "231101_HelloCShap05", "231101_HelloCShap05\231101_HelloCShap05.csproj", "{F9D9C381-F239-4D20-B528-465FEFE850F8}"
EndProject
Project("{FAE04EC0-301F-11D3-BF4B-00C04F79EFBC}") = "231101_HelloCShap05_Override", "231101_HelloCShap05_Override\231101_HelloCShap05_Override.csproj", "{817FF238-3E8D-4D6A-A0FB-FD57E9BD27EE}"
EndProject
Global
	GlobalSection(SolutionConfigurationPlatforms) = preSolution
		Debug|Any CPU = Debug|Any CPU
		Release|Any CPU = Release|Any CPU
	EndGlobalSection
	GlobalSection(ProjectConfigurationPlatforms) = postSolution
		{F9D9C381-F239-4D20-B528-465FEFE850F8}.Debug|Any CPU.ActiveCfg = Debug|Any CPU
		{F9D9C381-F239-4D20-B528-465FEFE850F8}.Debug|Any CPU.Build.0 = Debug|Any CPU
		{F9D9C381-F239-4D20-B528-465FEFE850F8}.Release|Any CPU.ActiveCfg = Release|Any CPU
		{F9D9C381-F239-4D20-B528-465FEFE850F8}.Release|Any CPU.Build.0 = Release|Any CPU
		{817FF238-3E8D-4D6A-A0FB-FD57E9BD27EE}.Debug|Any CPU.ActiveCfg = Debug|Any CPU
		{817FF238-3E8D-4D6A-A0FB-FD57E9BD27EE}.Debug|Any CPU.Build.0 = Debug|Any CPU
		{817FF238-3E8D-4D6A-A0FB-FD57E9BD27EE}.Release|Any CPU.ActiveCfg = Release|Any CPU
		{817FF238-3E8D-4D6A-A0FB-FD57E9BD27EE}.Release|Any CPU.Build.0 = Release|Any CPU
	EndGlobalSection
	GlobalSection(SolutionProperties) = preSolution
		HideSolutionNode = FALSE
	EndGlobalSection
	GlobalSection(ExtensibilityGlobals) = postSolution
		SolutionGuid = {4420F571-07B4-4B6D-9049-E8FD4BD9EA25}
	EndGlobalSection
EndGlobal
