
Microsoft Visual Studio Solution File, Format Version 12.00
# Visual Studio Version 17
VisualStudioVersion = 17.7.34031.279
MinimumVisualStudioVersion = 10.0.40219.1
Project("{FAE04EC0-301F-11D3-BF4B-00C04F79EFBC}") = "231102_HelloCShap06", "231102_HelloCShap06\231102_HelloCShap06.csproj", "{C5B1013A-F003-4B78-963C-4FAB26695621}"
EndProject
Project("{FAE04EC0-301F-11D3-BF4B-00C04F79EFBC}") = "231102_HelloCShap06_Ex", "231102_HelloCShap06_Ex\231102_HelloCShap06_Ex.csproj", "{D687B8BD-98D8-4710-B776-B7CD490D9C03}"
EndProject
Project("{FAE04EC0-301F-11D3-BF4B-00C04F79EFBC}") = "231102_HelloCShap06_Try", "231102_HelloCShap06_Try\231102_HelloCShap06_Try.csproj", "{B9EF24FA-EDF1-43BD-97F9-64640EB8795A}"
EndProject
Global
	GlobalSection(SolutionConfigurationPlatforms) = preSolution
		Debug|Any CPU = Debug|Any CPU
		Release|Any CPU = Release|Any CPU
	EndGlobalSection
	GlobalSection(ProjectConfigurationPlatforms) = postSolution
		{C5B1013A-F003-4B78-963C-4FAB26695621}.Debug|Any CPU.ActiveCfg = Debug|Any CPU
		{C5B1013A-F003-4B78-963C-4FAB26695621}.Debug|Any CPU.Build.0 = Debug|Any CPU
		{C5B1013A-F003-4B78-963C-4FAB26695621}.Release|Any CPU.ActiveCfg = Release|Any CPU
		{C5B1013A-F003-4B78-963C-4FAB26695621}.Release|Any CPU.Build.0 = Release|Any CPU
		{D687B8BD-98D8-4710-B776-B7CD490D9C03}.Debug|Any CPU.ActiveCfg = Debug|Any CPU
		{D687B8BD-98D8-4710-B776-B7CD490D9C03}.Debug|Any CPU.Build.0 = Debug|Any CPU
		{D687B8BD-98D8-4710-B776-B7CD490D9C03}.Release|Any CPU.ActiveCfg = Release|Any CPU
		{D687B8BD-98D8-4710-B776-B7CD490D9C03}.Release|Any CPU.Build.0 = Release|Any CPU
		{B9EF24FA-EDF1-43BD-97F9-64640EB8795A}.Debug|Any CPU.ActiveCfg = Debug|Any CPU
		{B9EF24FA-EDF1-43BD-97F9-64640EB8795A}.Debug|Any CPU.Build.0 = Debug|Any CPU
		{B9EF24FA-EDF1-43BD-97F9-64640EB8795A}.Release|Any CPU.ActiveCfg = Release|Any CPU
		{B9EF24FA-EDF1-43BD-97F9-64640EB8795A}.Release|Any CPU.Build.0 = Release|Any CPU
	EndGlobalSection
	GlobalSection(SolutionProperties) = preSolution
		HideSolutionNode = FALSE
	EndGlobalSection
	GlobalSection(ExtensibilityGlobals) = postSolution
		SolutionGuid = {4537AFCD-29FF-4900-91D3-EE8F5EEC55BF}
	EndGlobalSection
EndGlobal
